
Microsoft Visual Studio Solution File, Format Version 12.00
# Visual Studio Version 17
VisualStudioVersion = 17.8.34330.188
MinimumVisualStudioVersion = 10.0.40219.1
Project("{FAE04EC0-301F-11D3-BF4B-00C04F79EFBC}") = "PDA", "PDA\PDA.csproj", "{1CA50797-1A83-4B9F-BC24-CAC2B5CA761C}"
EndProject
Global
	GlobalSection(SolutionConfigurationPlatforms) = preSolution
		Debug|Any CPU = Debug|Any CPU
		Release|Any CPU = Release|Any CPU
	EndGlobalSection
	GlobalSection(ProjectConfigurationPlatforms) = postSolution
		{1CA50797-1A83-4B9F-BC24-CAC2B5CA761C}.Debug|Any CPU.ActiveCfg = Debug|Any CPU
		{1CA50797-1A83-4B9F-BC24-CAC2B5CA761C}.Debug|Any CPU.Build.0 = Debug|Any CPU
		{1CA50797-1A83-4B9F-BC24-CAC2B5CA761C}.Release|Any CPU.ActiveCfg = Release|Any CPU
		{1CA50797-1A83-4B9F-BC24-CAC2B5CA761C}.Release|Any CPU.Build.0 = Release|Any CPU
	EndGlobalSection
	GlobalSection(SolutionProperties) = preSolution
		HideSolutionNode = FALSE
	EndGlobalSection
	GlobalSection(ExtensibilityGlobals) = postSolution
		SolutionGuid = {6C5F69BE-0F9E-4748-8150-76D9AF5BE23F}
	EndGlobalSection
EndGlobal
